// !$*UTF8*$!
{
	archiveVersion = 1;
	classes = {
	};
	objectVersion = 50;
	objects = {

/* Begin PBXBuildFile section */
		C96D5A53232A7136001909B0 /* AppDelegate.swift in Sources */ = {isa = PBXBuildFile; fileRef = C96D5A52232A7136001909B0 /* AppDelegate.swift */; };
		C96D5A55232A7136001909B0 /* ViewController.swift in Sources */ = {isa = PBXBuildFile; fileRef = C96D5A54232A7136001909B0 /* ViewController.swift */; };
		C96D5A58232A7136001909B0 /* Main.storyboard in Resources */ = {isa = PBXBuildFile; fileRef = C96D5A56232A7136001909B0 /* Main.storyboard */; };
		C96D5A5A232A7138001909B0 /* Assets.xcassets in Resources */ = {isa = PBXBuildFile; fileRef = C96D5A59232A7138001909B0 /* Assets.xcassets */; };
		C96D5A5D232A7138001909B0 /* LaunchScreen.storyboard in Resources */ = {isa = PBXBuildFile; fileRef = C96D5A5B232A7138001909B0 /* LaunchScreen.storyboard */; };
		C96D5A66232A71E7001909B0 /* MapKit.framework in Frameworks */ = {isa = PBXBuildFile; fileRef = C96D5A65232A71E7001909B0 /* MapKit.framework */; };
		C9F297B523929EBC003966EC /* Default-568h@2x.png in Resources */ = {isa = PBXBuildFile; fileRef = C9F297B423929EBC003966EC /* Default-568h@2x.png */; };
/* End PBXBuildFile section */

/* Begin PBXFileReference section */
		C96D5A4F232A7136001909B0 /* SampleiOSMap.app */ = {isa = PBXFileReference; explicitFileType = wrapper.application; includeInIndex = 0; path = SampleiOSMap.app; sourceTree = BUILT_PRODUCTS_DIR; };
		C96D5A52232A7136001909B0 /* AppDelegate.swift */ = {isa = PBXFileReference; lastKnownFileType = sourcecode.swift; path = AppDelegate.swift; sourceTree = "<group>"; };
		C96D5A54232A7136001909B0 /* ViewController.swift */ = {isa = PBXFileReference; lastKnownFileType = sourcecode.swift; path = ViewController.swift; sourceTree = "<group>"; };
		C96D5A57232A7136001909B0 /* Base */ = {isa = PBXFileReference; lastKnownFileType = file.storyboard; name = Base; path = Base.lproj/Main.storyboard; sourceTree = "<group>"; };
		C96D5A59232A7138001909B0 /* Assets.xcassets */ = {isa = PBXFileReference; lastKnownFileType = folder.assetcatalog; path = Assets.xcassets; sourceTree = "<group>"; };
		C96D5A5C232A7138001909B0 /* Base */ = {isa = PBXFileReference; lastKnownFileType = file.storyboard; name = Base; path = Base.lproj/LaunchScreen.storyboard; sourceTree = "<group>"; };
		C96D5A5E232A7138001909B0 /* Info.plist */ = {isa = PBXFileReference; lastKnownFileType = text.plist.xml; path = Info.plist; sourceTree = "<group>"; };
		C96D5A65232A71E7001909B0 /* MapKit.framework */ = {isa = PBXFileReference; lastKnownFileType = wrapper.framework; name = MapKit.framework; path = System/Library/Frameworks/MapKit.framework; sourceTree = SDKROOT; };
		C9F297B423929EBC003966EC /* Default-568h@2x.png */ = {isa = PBXFileReference; lastKnownFileType = image.png; path = "Default-568h@2x.png"; sourceTree = "<group>"; };
/* End PBXFileReference section */

/* Begin PBXFrameworksBuildPhase section */
		C96D5A4C232A7136001909B0 /* Frameworks */ = {
			isa = PBXFrameworksBuildPhase;
			buildActionMask = 2147483647;
			files = (
				C96D5A66232A71E7001909B0 /* MapKit.framework in Frameworks */,
			);
			runOnlyForDeploymentPostprocessing = 0;
		};
/* End PBXFrameworksBuildPhase section */

/* Begin PBXGroup section */
		C96D5A46232A7136001909B0 = {
			isa = PBXGroup;
			children = (
				C9F297B423929EBC003966EC /* Default-568h@2x.png */,
				C96D5A51232A7136001909B0 /* SampleiOSMap */,
				C96D5A50232A7136001909B0 /* Products */,
				C96D5A64232A71E7001909B0 /* Frameworks */,
			);
			sourceTree = "<group>";
		};
		C96D5A50232A7136001909B0 /* Products */ = {
			isa = PBXGroup;
			children = (
				C96D5A4F232A7136001909B0 /* SampleiOSMap.app */,
			);
			name = Products;
			sourceTree = "<group>";
		};
		C96D5A51232A7136001909B0 /* SampleiOSMap */ = {
			isa = PBXGroup;
			children = (
				C96D5A52232A7136001909B0 /* AppDelegate.swift */,
				C96D5A54232A7136001909B0 /* ViewController.swift */,
				C96D5A56232A7136001909B0 /* Main.storyboard */,
				C96D5A59232A7138001909B0 /* Assets.xcassets */,
				C96D5A5B232A7138001909B0 /* LaunchScreen.storyboard */,
				C96D5A5E232A7138001909B0 /* Info.plist */,
			);
			path = SampleiOSMap;
			sourceTree = "<group>";
		};
		C96D5A64232A71E7001909B0 /* Frameworks */ = {
			isa = PBXGroup;
			children = (
				C96D5A65232A71E7001909B0 /* MapKit.framework */,
			);
			name = Frameworks;
			sourceTree = "<group>";
		};
/* End PBXGroup section */

/* Begin PBXNativeTarget section */
		C96D5A4E232A7136001909B0 /* PublicTelephoneMap */ = {
			isa = PBXNativeTarget;
			buildConfigurationList = C96D5A61232A7138001909B0 /* Build configuration list for PBXNativeTarget "PublicTelephoneMap" */;
			buildPhases = (
				C96D5A4B232A7136001909B0 /* Sources */,
				C96D5A4C232A7136001909B0 /* Frameworks */,
				C96D5A4D232A7136001909B0 /* Resources */,
			);
			buildRules = (
			);
			dependencies = (
			);
			name = PublicTelephoneMap;
			productName = PublicTelephoneMap;
			productReference = C96D5A4F232A7136001909B0 /* SampleiOSMap.app */;
			productType = "com.apple.product-type.application";
		};
/* End PBXNativeTarget section */

/* Begin PBXProject section */
		C96D5A47232A7136001909B0 /* Project object */ = {
			isa = PBXProject;
			attributes = {
				LastSwiftUpdateCheck = 1030;
				LastUpgradeCheck = 1030;
				ORGANIZATIONNAME = HokushiHara;
				TargetAttributes = {
					C96D5A4E232A7136001909B0 = {
						CreatedOnToolsVersion = 10.3;
					};
				};
			};
			buildConfigurationList = C96D5A4A232A7136001909B0 /* Build configuration list for PBXProject "SampleiOSMap" */;
			compatibilityVersion = "Xcode 9.3";
			developmentRegion = en;
			hasScannedForEncodings = 0;
			knownRegions = (
				en,
				Base,
			);
			mainGroup = C96D5A46232A7136001909B0;
			productRefGroup = C96D5A50232A7136001909B0 /* Products */;
			projectDirPath = "";
			projectRoot = "";
			targets = (
				C96D5A4E232A7136001909B0 /* PublicTelephoneMap */,
			);
		};
/* End PBXProject section */

/* Begin PBXResourcesBuildPhase section */
		C96D5A4D232A7136001909B0 /* Resources */ = {
			isa = PBXResourcesBuildPhase;
			buildActionMask = 2147483647;
			files = (
				C96D5A5D232A7138001909B0 /* LaunchScreen.storyboard in Resources */,
				C9F297B523929EBC003966EC /* Default-568h@2x.png in Resources */,
				C96D5A5A232A7138001909B0 /* Assets.xcassets in Resources */,
				C96D5A58232A7136001909B0 /* Main.storyboard in Resources */,
			);
			runOnlyForDeploymentPostprocessing = 0;
		};
/* End PBXResourcesBuildPhase section */

/* Begin PBXSourcesBuildPhase section */
		C96D5A4B232A7136001909B0 /* Sources */ = {
			isa = PBXSourcesBuildPhase;
			buildActionMask = 2147483647;
			files = (
				C96D5A55232A7136001909B0 /* ViewController.swift in Sources */,
				C96D5A53232A7136001909B0 /* AppDelegate.swift in Sources */,
			);
			runOnlyForDeploymentPostprocessing = 0;
		};
/* End PBXSourcesBuildPhase section */

/* Begin PBXVariantGroup section */
		C96D5A56232A7136001909B0 /* Main.storyboard */ = {
			isa = PBXVariantGroup;
			children = (
				C96D5A57232A7136001909B0 /* Base */,
			);
			name = Main.storyboard;
			sourceTree = "<group>";
		};
		C96D5A5B232A7138001909B0 /* LaunchScreen.storyboard */ = {
			isa = PBXVariantGroup;
			children = (
				C96D5A5C232A7138001909B0 /* Base */,
			);
			name = LaunchScreen.storyboard;
			sourceTree = "<group>";
		};
/* End PBXVariantGroup section */

/* Begin XCBuildConfiguration section */
		C96D5A5F232A7138001909B0 /* Debug */ = {
			isa = XCBuildConfiguration;
			buildSettings = {
				ALWAYS_SEARCH_USER_PATHS = NO;
				CLANG_ANALYZER_NONNULL = YES;
				CLANG_ANALYZER_NUMBER_OBJECT_CONVERSION = YES_AGGRESSIVE;
				CLANG_CXX_LANGUAGE_STANDARD = "gnu++14";
				CLANG_CXX_LIBRARY = "libc++";
				CLANG_ENABLE_MODULES = YES;
				CLANG_ENABLE_OBJC_ARC = YES;
				CLANG_ENABLE_OBJC_WEAK = YES;
				CLANG_WARN_BLOCK_CAPTURE_AUTORELEASING = YES;
				CLANG_WARN_BOOL_CONVERSION = YES;
				CLANG_WARN_COMMA = YES;
				CLANG_WARN_CONSTANT_CONVERSION = YES;
				CLANG_WARN_DEPRECATED_OBJC_IMPLEMENTATIONS = YES;
				CLANG_WARN_DIRECT_OBJC_ISA_USAGE = YES_ERROR;
				CLANG_WARN_DOCUMENTATION_COMMENTS = YES;
				CLANG_WARN_EMPTY_BODY = YES;
				CLANG_WARN_ENUM_CONVERSION = YES;
				CLANG_WARN_INFINITE_RECURSION = YES;
				CLANG_WARN_INT_CONVERSION = YES;
				CLANG_WARN_NON_LITERAL_NULL_CONVERSION = YES;
				CLANG_WARN_OBJC_IMPLICIT_RETAIN_SELF = YES;
				CLANG_WARN_OBJC_LITERAL_CONVERSION = YES;
				CLANG_WARN_OBJC_ROOT_CLASS = YES_ERROR;
				CLANG_WARN_RANGE_LOOP_ANALYSIS = YES;
				CLANG_WARN_STRICT_PROTOTYPES = YES;
				CLANG_WARN_SUSPICIOUS_MOVE = YES;
				CLANG_WARN_UNGUARDED_AVAILABILITY = YES_AGGRESSIVE;
				CLANG_WARN_UNREACHABLE_CODE = YES;
				CLANG_WARN__DUPLICATE_METHOD_MATCH = YES;
				CODE_SIGN_IDENTITY = "iPhone Developer";
				COPY_PHASE_STRIP = NO;
				DEBUG_INFORMATION_FORMAT = dwarf;
				ENABLE_STRICT_OBJC_MSGSEND = YES;
				ENABLE_TESTABILITY = YES;
				GCC_C_LANGUAGE_STANDARD = gnu11;
				GCC_DYNAMIC_NO_PIC = NO;
				GCC_NO_COMMON_BLOCKS = YES;
				GCC_OPTIMIZATION_LEVEL = 0;
				GCC_PREPROCESSOR_DEFINITIONS = (
					"DEBUG=1",
					"$(inherited)",
				);
				GCC_WARN_64_TO_32_BIT_CONVERSION = YES;
				GCC_WARN_ABOUT_RETURN_TYPE = YES_ERROR;
				GCC_WARN_UNDECLARED_SELECTOR = YES;
				GCC_WARN_UNINITIALIZED_AUTOS = YES_AGGRESSIVE;
				GCC_WARN_UNUSED_FUNCTION = YES;
				GCC_WARN_UNUSED_VARIABLE = YES;
				IPHONEOS_DEPLOYMENT_TARGET = 12.4;
				MTL_ENABLE_DEBUG_INFO = INCLUDE_SOURCE;
				MTL_FAST_MATH = YES;
				ONLY_ACTIVE_ARCH = YES;
				SDKROOT = iphoneos;
				SWIFT_ACTIVE_COMPILATION_CONDITIONS = DEBUG;
				SWIFT_OPTIMIZATION_LEVEL = "-Onone";
			};
			name = Debug;
		};
		C96D5A60232A7138001909B0 /* Release */ = {
			isa = XCBuildConfiguration;
			buildSettings = {
				ALWAYS_SEARCH_USER_PATHS = NO;
				CLANG_ANALYZER_NONNULL = YES;
				CLANG_ANALYZER_NUMBER_OBJECT_CONVERSION = YES_AGGRESSIVE;
				CLANG_CXX_LANGUAGE_STANDARD = "gnu++14";
				CLANG_CXX_LIBRARY = "libc++";
				CLANG_ENABLE_MODULES = YES;
				CLANG_ENABLE_OBJC_ARC = YES;
				CLANG_ENABLE_OBJC_WEAK = YES;
				CLANG_WARN_BLOCK_CAPTURE_AUTORELEASING = YES;
				CLANG_WARN_BOOL_CONVERSION = YES;
				CLANG_WARN_COMMA = YES;
				CLANG_WARN_CONSTANT_CONVERSION = YES;
				CLANG_WARN_DEPRECATED_OBJC_IMPLEMENTATIONS = YES;
				CLANG_WARN_DIRECT_OBJC_ISA_USAGE = YES_ERROR;
				CLANG_WARN_DOCUMENTATION_COMMENTS = YES;
				CLANG_WARN_EMPTY_BODY = YES;
				CLANG_WARN_ENUM_CONVERSION = YES;
				CLANG_WARN_INFINITE_RECURSION = YES;
				CLANG_WARN_INT_CONVERSION = YES;
				CLANG_WARN_NON_LITERAL_NULL_CONVERSION = YES;
				CLANG_WARN_OBJC_IMPLICIT_RETAIN_SELF = YES;
				CLANG_WARN_OBJC_LITERAL_CONVERSION = YES;
				CLANG_WARN_OBJC_ROOT_CLASS = YES_ERROR;
				CLANG_WARN_RANGE_LOOP_ANALYSIS = YES;
				CLANG_WARN_STRICT_PROTOTYPES = YES;
				CLANG_WARN_SUSPICIOUS_MOVE = YES;
				CLANG_WARN_UNGUARDED_AVAILABILITY = YES_AGGRESSIVE;
				CLANG_WARN_UNREACHABLE_CODE = YES;
				CLANG_WARN__DUPLICATE_METHOD_MATCH = YES;
				CODE_SIGN_IDENTITY = "iPhone Developer";
				COPY_PHASE_STRIP = NO;
				DEBUG_INFORMATION_FORMAT = "dwarf-with-dsym";
				ENABLE_NS_ASSERTIONS = NO;
				ENABLE_STRICT_OBJC_MSGSEND = YES;
				GCC_C_LANGUAGE_STANDARD = gnu11;
				GCC_NO_COMMON_BLOCKS = YES;
				GCC_WARN_64_TO_32_BIT_CONVERSION = YES;
				GCC_WARN_ABOUT_RETURN_TYPE = YES_ERROR;
				GCC_WARN_UNDECLARED_SELECTOR = YES;
				GCC_WARN_UNINITIALIZED_AUTOS = YES_AGGRESSIVE;
				GCC_WARN_UNUSED_FUNCTION = YES;
				GCC_WARN_UNUSED_VARIABLE = YES;
				IPHONEOS_DEPLOYMENT_TARGET = 12.4;
				MTL_ENABLE_DEBUG_INFO = NO;
				MTL_FAST_MATH = YES;
				SDKROOT = iphoneos;
				SWIFT_COMPILATION_MODE = wholemodule;
				SWIFT_OPTIMIZATION_LEVEL = "-O";
				VALIDATE_PRODUCT = YES;
			};
			name = Release;
		};
		C96D5A62232A7138001909B0 /* Debug */ = {
			isa = XCBuildConfiguration;
			buildSettings = {
				CODE_SIGN_STYLE = Automatic;
				DEVELOPMENT_TEAM = 94WN5WJMYY;
				INFOPLIST_FILE = "$(SRCROOT)/SampleiOSMap/Info.plist";
				LD_RUNPATH_SEARCH_PATHS = (
					"$(inherited)",
					"@executable_path/Frameworks",
				);
				PRODUCT_BUNDLE_IDENTIFIER = com.gmail.hbfxy.17bl.SampleiOSMap;
				PRODUCT_NAME = SampleiOSMap;
				SWIFT_VERSION = 5.0;
				TARGETED_DEVICE_FAMILY = "1,2";
			};
			name = Debug;
		};
		C96D5A63232A7138001909B0 /* Release */ = {
			isa = XCBuildConfiguration;
			buildSettings = {
				CODE_SIGN_STYLE = Automatic;
				DEVELOPMENT_TEAM = 94WN5WJMYY;
				INFOPLIST_FILE = "$(SRCROOT)/SampleiOSMap/Info.plist";
				LD_RUNPATH_SEARCH_PATHS = (
					"$(inherited)",
					"@executable_path/Frameworks",
				);
				PRODUCT_BUNDLE_IDENTIFIER = com.gmail.hbfxy.17bl.SampleiOSMap;
				PRODUCT_NAME = SampleiOSMap;
				SWIFT_VERSION = 5.0;
				TARGETED_DEVICE_FAMILY = "1,2";
			};
			name = Release;
		};
/* End XCBuildConfiguration section */

/* Begin XCConfigurationList section */
		C96D5A4A232A7136001909B0 /* Build configuration list for PBXProject "SampleiOSMap" */ = {
			isa = XCConfigurationList;
			buildConfigurations = (
				C96D5A5F232A7138001909B0 /* Debug */,
				C96D5A60232A7138001909B0 /* Release */,
			);
			defaultConfigurationIsVisible = 0;
			defaultConfigurationName = Release;
		};
		C96D5A61232A7138001909B0 /* Build configuration list for PBXNativeTarget "PublicTelephoneMap" */ = {
			isa = XCConfigurationList;
			buildConfigurations = (
				C96D5A62232A7138001909B0 /* Debug */,
				C96D5A63232A7138001909B0 /* Release */,
			);
			defaultConfigurationIsVisible = 0;
			defaultConfigurationName = Release;
		};
/* End XCConfigurationList section */
	};
	rootObject = C96D5A47232A7136001909B0 /* Project object */;
}
